
Microsoft Visual Studio Solution File, Format Version 12.00
# Visual Studio Version 17
VisualStudioVersion = 17.0.32014.148
MinimumVisualStudioVersion = 10.0.40219.1
Project("{FAE04EC0-301F-11D3-BF4B-00C04F79EFBC}") = "TangyWeb_Server", "TangyWeb_Server\TangyWeb_Server.csproj", "{68BEE3CF-A204-4F1F-BF5A-81A8E585F922}"
EndProject
Global
	GlobalSection(SolutionConfigurationPlatforms) = preSolution
		Debug|Any CPU = Debug|Any CPU
		Release|Any CPU = Release|Any CPU
	EndGlobalSection
	GlobalSection(ProjectConfigurationPlatforms) = postSolution
		{68BEE3CF-A204-4F1F-BF5A-81A8E585F922}.Debug|Any CPU.ActiveCfg = Debug|Any CPU
		{68BEE3CF-A204-4F1F-BF5A-81A8E585F922}.Debug|Any CPU.Build.0 = Debug|Any CPU
		{68BEE3CF-A204-4F1F-BF5A-81A8E585F922}.Release|Any CPU.ActiveCfg = Release|Any CPU
		{68BEE3CF-A204-4F1F-BF5A-81A8E585F922}.Release|Any CPU.Build.0 = Release|Any CPU
	EndGlobalSection
	GlobalSection(SolutionProperties) = preSolution
		HideSolutionNode = FALSE
	EndGlobalSection
	GlobalSection(ExtensibilityGlobals) = postSolution
		SolutionGuid = {D229D7BA-25FF-4BDA-BEA4-90305177DB66}
	EndGlobalSection
EndGlobal
