
Microsoft Visual Studio Solution File, Format Version 12.00
# Visual Studio Version 17
VisualStudioVersion = 17.0.32014.148
MinimumVisualStudioVersion = 10.0.40219.1
Project("{9A19103F-16F7-4668-BE54-9A1E7A4F7556}") = "TangyWeb_Server", "TangyWeb_Server\TangyWeb_Server.csproj", "{68BEE3CF-A204-4F1F-BF5A-81A8E585F922}"
EndProject
Project("{2150E333-8FDC-42A3-9474-1A3956D46DE8}") = "Solution Items", "Solution Items", "{203E85EF-77F6-48C2-B100-7E05F55AC97B}"
	ProjectSection(SolutionItems) = preProject
		README.md = README.md
	EndProjectSection
EndProject
Project("{9A19103F-16F7-4668-BE54-9A1E7A4F7556}") = "TangyWeb_Client", "TangyWeb_Client\TangyWeb_Client.csproj", "{D588F888-2604-4D82-9582-D746D843C984}"
EndProject
Project("{9A19103F-16F7-4668-BE54-9A1E7A4F7556}") = "Tangy_Models", "Tangy_Models\Tangy_Models.csproj", "{50C99531-FF21-48A1-92E7-4764500BBDA2}"
EndProject
Project("{9A19103F-16F7-4668-BE54-9A1E7A4F7556}") = "Tangy_Business", "Tangy_Business\Tangy_Business.csproj", "{92C0A35C-976B-460F-8AC5-E4820996F2C5}"
EndProject
Project("{9A19103F-16F7-4668-BE54-9A1E7A4F7556}") = "Tangy_Common", "Tangy_Common\Tangy_Common.csproj", "{0CE5794F-7CD1-4DE3-B993-2573B784BE4D}"
EndProject
Project("{9A19103F-16F7-4668-BE54-9A1E7A4F7556}") = "Tangy_DataAccess", "Tangy_DataAccess\Tangy_DataAccess.csproj", "{EF34B32C-862B-4ECB-B95A-35C01008AA09}"
EndProject
Project("{FAE04EC0-301F-11D3-BF4B-00C04F79EFBC}") = "TangyWeb_Api", "TangyWeb_Api\TangyWeb_Api.csproj", "{A82BB570-6440-4490-BC29-C1ADBF221343}"
EndProject
Global
	GlobalSection(SolutionConfigurationPlatforms) = preSolution
		Debug|Any CPU = Debug|Any CPU
		Release|Any CPU = Release|Any CPU
	EndGlobalSection
	GlobalSection(ProjectConfigurationPlatforms) = postSolution
		{68BEE3CF-A204-4F1F-BF5A-81A8E585F922}.Debug|Any CPU.ActiveCfg = Debug|Any CPU
		{68BEE3CF-A204-4F1F-BF5A-81A8E585F922}.Debug|Any CPU.Build.0 = Debug|Any CPU
		{68BEE3CF-A204-4F1F-BF5A-81A8E585F922}.Release|Any CPU.ActiveCfg = Release|Any CPU
		{68BEE3CF-A204-4F1F-BF5A-81A8E585F922}.Release|Any CPU.Build.0 = Release|Any CPU
		{D588F888-2604-4D82-9582-D746D843C984}.Debug|Any CPU.ActiveCfg = Debug|Any CPU
		{D588F888-2604-4D82-9582-D746D843C984}.Debug|Any CPU.Build.0 = Debug|Any CPU
		{D588F888-2604-4D82-9582-D746D843C984}.Release|Any CPU.ActiveCfg = Release|Any CPU
		{D588F888-2604-4D82-9582-D746D843C984}.Release|Any CPU.Build.0 = Release|Any CPU
		{50C99531-FF21-48A1-92E7-4764500BBDA2}.Debug|Any CPU.ActiveCfg = Debug|Any CPU
		{50C99531-FF21-48A1-92E7-4764500BBDA2}.Debug|Any CPU.Build.0 = Debug|Any CPU
		{50C99531-FF21-48A1-92E7-4764500BBDA2}.Release|Any CPU.ActiveCfg = Release|Any CPU
		{50C99531-FF21-48A1-92E7-4764500BBDA2}.Release|Any CPU.Build.0 = Release|Any CPU
		{92C0A35C-976B-460F-8AC5-E4820996F2C5}.Debug|Any CPU.ActiveCfg = Debug|Any CPU
		{92C0A35C-976B-460F-8AC5-E4820996F2C5}.Debug|Any CPU.Build.0 = Debug|Any CPU
		{92C0A35C-976B-460F-8AC5-E4820996F2C5}.Release|Any CPU.ActiveCfg = Release|Any CPU
		{92C0A35C-976B-460F-8AC5-E4820996F2C5}.Release|Any CPU.Build.0 = Release|Any CPU
		{0CE5794F-7CD1-4DE3-B993-2573B784BE4D}.Debug|Any CPU.ActiveCfg = Debug|Any CPU
		{0CE5794F-7CD1-4DE3-B993-2573B784BE4D}.Debug|Any CPU.Build.0 = Debug|Any CPU
		{0CE5794F-7CD1-4DE3-B993-2573B784BE4D}.Release|Any CPU.ActiveCfg = Release|Any CPU
		{0CE5794F-7CD1-4DE3-B993-2573B784BE4D}.Release|Any CPU.Build.0 = Release|Any CPU
		{EF34B32C-862B-4ECB-B95A-35C01008AA09}.Debug|Any CPU.ActiveCfg = Debug|Any CPU
		{EF34B32C-862B-4ECB-B95A-35C01008AA09}.Debug|Any CPU.Build.0 = Debug|Any CPU
		{EF34B32C-862B-4ECB-B95A-35C01008AA09}.Release|Any CPU.ActiveCfg = Release|Any CPU
		{EF34B32C-862B-4ECB-B95A-35C01008AA09}.Release|Any CPU.Build.0 = Release|Any CPU
		{A82BB570-6440-4490-BC29-C1ADBF221343}.Debug|Any CPU.ActiveCfg = Debug|Any CPU
		{A82BB570-6440-4490-BC29-C1ADBF221343}.Debug|Any CPU.Build.0 = Debug|Any CPU
		{A82BB570-6440-4490-BC29-C1ADBF221343}.Release|Any CPU.ActiveCfg = Release|Any CPU
		{A82BB570-6440-4490-BC29-C1ADBF221343}.Release|Any CPU.Build.0 = Release|Any CPU
	EndGlobalSection
	GlobalSection(SolutionProperties) = preSolution
		HideSolutionNode = FALSE
	EndGlobalSection
	GlobalSection(ExtensibilityGlobals) = postSolution
		SolutionGuid = {D229D7BA-25FF-4BDA-BEA4-90305177DB66}
	EndGlobalSection
EndGlobal
